{
  "name": "issueproof",
  "version": "0.2.1",
  "lockfileVersion": 3,
  "requires": true,
  "packages": {
    "": {
      "name": "issueproof",
      "version": "0.2.1",
      "license": "MIT",
      "bin": {
        "issueproof": "bin/issueproof.js"
      },
      "engines": {
        "node": ">=20"
      }
    }
  }
}
